{
  "name": "nodeapp",
  "version": "1.0.0",
  "lockfileVersion": 1,
  "requires": true,
  "dependencies": {
    "lion-lib-vsvsvs": {
      "version": "1.0.0",
      "resolved": "https://registry.npmjs.org/lion-lib-vsvsvs/-/lion-lib-vsvsvs-1.0.0.tgz",
      "integrity": "sha512-0+Jg5HGGozAU9wdW5tNabTmPJtH4Tn4m/UXDY5COBOYwRRIO3Xz96OnwCjaVG32YtkrdgtJ8+4U9MHizTD9Beg=="
    }
  }
}
